
Microsoft Visual Studio Solution File, Format Version 12.00
# Visual Studio Version 16
VisualStudioVersion = 16.0.28803.156
MinimumVisualStudioVersion = 10.0.40219.1
Project("{FAE04EC0-301F-11D3-BF4B-00C04F79EFBC}") = "TestChallenge_FrontEnd_ME", "TestChallenge_FrontEnd_ME\TestChallenge_FrontEnd_ME.csproj", "{9F81A8D3-3CA7-41E6-B381-0802805BBE19}"
EndProject
Global
	GlobalSection(SolutionConfigurationPlatforms) = preSolution
		Debug|Any CPU = Debug|Any CPU
		Release|Any CPU = Release|Any CPU
	EndGlobalSection
	GlobalSection(ProjectConfigurationPlatforms) = postSolution
		{9F81A8D3-3CA7-41E6-B381-0802805BBE19}.Debug|Any CPU.ActiveCfg = Debug|Any CPU
		{9F81A8D3-3CA7-41E6-B381-0802805BBE19}.Debug|Any CPU.Build.0 = Debug|Any CPU
		{9F81A8D3-3CA7-41E6-B381-0802805BBE19}.Release|Any CPU.ActiveCfg = Release|Any CPU
		{9F81A8D3-3CA7-41E6-B381-0802805BBE19}.Release|Any CPU.Build.0 = Release|Any CPU
	EndGlobalSection
	GlobalSection(SolutionProperties) = preSolution
		HideSolutionNode = FALSE
	EndGlobalSection
	GlobalSection(ExtensibilityGlobals) = postSolution
		SolutionGuid = {AB2CEC1F-5CE9-4E9B-B22B-36920160F46F}
	EndGlobalSection
EndGlobal
